
Microsoft Visual Studio Solution File, Format Version 12.00
# Visual Studio 2012
Project("{FAE04EC0-301F-11D3-BF4B-00C04F79EFBC}") = "VioletAPI", "VioletAPI\VioletAPI.csproj", "{05782913-70F2-4523-A881-7657934B7278}"
EndProject
Project("{FAE04EC0-301F-11D3-BF4B-00C04F79EFBC}") = "UVStrategies", "UVStrategies\UVStrategies.csproj", "{E923BDF1-0F5B-4179-80C6-46D00B7D9784}"
EndProject
Project("{FAE04EC0-301F-11D3-BF4B-00C04F79EFBC}") = "UVTTServices", "UVTTServices\UVTTServices.csproj", "{BC9403C4-9AC2-43B7-9608-61B6E2E906A5}"
EndProject
Project("{FAE04EC0-301F-11D3-BF4B-00C04F79EFBC}") = "Violet", "Violet\Violet.csproj", "{964BE692-E4EB-4075-B562-478D3E10DBAA}"
EndProject
Global
	GlobalSection(SolutionConfigurationPlatforms) = preSolution
		Debug|Any CPU = Debug|Any CPU
		Debug|Mixed Platforms = Debug|Mixed Platforms
		Debug|x64 = Debug|x64
		Release|Any CPU = Release|Any CPU
		Release|Mixed Platforms = Release|Mixed Platforms
		Release|x64 = Release|x64
	EndGlobalSection
	GlobalSection(ProjectConfigurationPlatforms) = postSolution
		{05782913-70F2-4523-A881-7657934B7278}.Debug|Any CPU.ActiveCfg = Debug|Any CPU
		{05782913-70F2-4523-A881-7657934B7278}.Debug|Any CPU.Build.0 = Debug|Any CPU
		{05782913-70F2-4523-A881-7657934B7278}.Debug|Mixed Platforms.ActiveCfg = Debug|Any CPU
		{05782913-70F2-4523-A881-7657934B7278}.Debug|Mixed Platforms.Build.0 = Debug|Any CPU
		{05782913-70F2-4523-A881-7657934B7278}.Debug|x64.ActiveCfg = Debug|Any CPU
		{05782913-70F2-4523-A881-7657934B7278}.Release|Any CPU.ActiveCfg = Release|Any CPU
		{05782913-70F2-4523-A881-7657934B7278}.Release|Any CPU.Build.0 = Release|Any CPU
		{05782913-70F2-4523-A881-7657934B7278}.Release|Mixed Platforms.ActiveCfg = Release|Any CPU
		{05782913-70F2-4523-A881-7657934B7278}.Release|Mixed Platforms.Build.0 = Release|Any CPU
		{05782913-70F2-4523-A881-7657934B7278}.Release|x64.ActiveCfg = Release|Any CPU
		{E923BDF1-0F5B-4179-80C6-46D00B7D9784}.Debug|Any CPU.ActiveCfg = Debug|Any CPU
		{E923BDF1-0F5B-4179-80C6-46D00B7D9784}.Debug|Any CPU.Build.0 = Debug|Any CPU
		{E923BDF1-0F5B-4179-80C6-46D00B7D9784}.Debug|Mixed Platforms.ActiveCfg = Debug|Any CPU
		{E923BDF1-0F5B-4179-80C6-46D00B7D9784}.Debug|Mixed Platforms.Build.0 = Debug|Any CPU
		{E923BDF1-0F5B-4179-80C6-46D00B7D9784}.Debug|x64.ActiveCfg = Debug|Any CPU
		{E923BDF1-0F5B-4179-80C6-46D00B7D9784}.Release|Any CPU.ActiveCfg = Release|Any CPU
		{E923BDF1-0F5B-4179-80C6-46D00B7D9784}.Release|Any CPU.Build.0 = Release|Any CPU
		{E923BDF1-0F5B-4179-80C6-46D00B7D9784}.Release|Mixed Platforms.ActiveCfg = Release|Any CPU
		{E923BDF1-0F5B-4179-80C6-46D00B7D9784}.Release|Mixed Platforms.Build.0 = Release|Any CPU
		{E923BDF1-0F5B-4179-80C6-46D00B7D9784}.Release|x64.ActiveCfg = Release|Any CPU
		{BC9403C4-9AC2-43B7-9608-61B6E2E906A5}.Debug|Any CPU.ActiveCfg = Debug|Any CPU
		{BC9403C4-9AC2-43B7-9608-61B6E2E906A5}.Debug|Any CPU.Build.0 = Debug|Any CPU
		{BC9403C4-9AC2-43B7-9608-61B6E2E906A5}.Debug|Mixed Platforms.ActiveCfg = Debug|Any CPU
		{BC9403C4-9AC2-43B7-9608-61B6E2E906A5}.Debug|Mixed Platforms.Build.0 = Debug|Any CPU
		{BC9403C4-9AC2-43B7-9608-61B6E2E906A5}.Debug|x64.ActiveCfg = Debug|x64
		{BC9403C4-9AC2-43B7-9608-61B6E2E906A5}.Debug|x64.Build.0 = Debug|x64
		{BC9403C4-9AC2-43B7-9608-61B6E2E906A5}.Release|Any CPU.ActiveCfg = Release|Any CPU
		{BC9403C4-9AC2-43B7-9608-61B6E2E906A5}.Release|Any CPU.Build.0 = Release|Any CPU
		{BC9403C4-9AC2-43B7-9608-61B6E2E906A5}.Release|Mixed Platforms.ActiveCfg = Release|Any CPU
		{BC9403C4-9AC2-43B7-9608-61B6E2E906A5}.Release|Mixed Platforms.Build.0 = Release|Any CPU
		{BC9403C4-9AC2-43B7-9608-61B6E2E906A5}.Release|x64.ActiveCfg = Release|x64
		{BC9403C4-9AC2-43B7-9608-61B6E2E906A5}.Release|x64.Build.0 = Release|x64
		{964BE692-E4EB-4075-B562-478D3E10DBAA}.Debug|Any CPU.ActiveCfg = Debug|Any CPU
		{964BE692-E4EB-4075-B562-478D3E10DBAA}.Debug|Any CPU.Build.0 = Debug|Any CPU
		{964BE692-E4EB-4075-B562-478D3E10DBAA}.Debug|Mixed Platforms.ActiveCfg = Debug|Any CPU
		{964BE692-E4EB-4075-B562-478D3E10DBAA}.Debug|Mixed Platforms.Build.0 = Debug|Any CPU
		{964BE692-E4EB-4075-B562-478D3E10DBAA}.Debug|x64.ActiveCfg = Debug|Any CPU
		{964BE692-E4EB-4075-B562-478D3E10DBAA}.Release|Any CPU.ActiveCfg = Release|Any CPU
		{964BE692-E4EB-4075-B562-478D3E10DBAA}.Release|Any CPU.Build.0 = Release|Any CPU
		{964BE692-E4EB-4075-B562-478D3E10DBAA}.Release|Mixed Platforms.ActiveCfg = Release|Any CPU
		{964BE692-E4EB-4075-B562-478D3E10DBAA}.Release|Mixed Platforms.Build.0 = Release|Any CPU
		{964BE692-E4EB-4075-B562-478D3E10DBAA}.Release|x64.ActiveCfg = Release|Any CPU
	EndGlobalSection
	GlobalSection(SolutionProperties) = preSolution
		HideSolutionNode = FALSE
	EndGlobalSection
EndGlobal
